
Microsoft Visual Studio Solution File, Format Version 12.00
# Visual Studio Version 17
VisualStudioVersion = 17.14.36511.14 d17.14
MinimumVisualStudioVersion = 10.0.40219.1
Project("{FAE04EC0-301F-11D3-BF4B-00C04F79EFBC}") = "AIWebApp", "AIWebApp.csproj", "{4F6B2D9D-0F75-7899-A274-4FB5CBD544C7}"
EndProject
Global
	GlobalSection(SolutionConfigurationPlatforms) = preSolution
		Debug|Any CPU = Debug|Any CPU
		Release|Any CPU = Release|Any CPU
	EndGlobalSection
	GlobalSection(ProjectConfigurationPlatforms) = postSolution
		{4F6B2D9D-0F75-7899-A274-4FB5CBD544C7}.Debug|Any CPU.ActiveCfg = Debug|Any CPU
		{4F6B2D9D-0F75-7899-A274-4FB5CBD544C7}.Debug|Any CPU.Build.0 = Debug|Any CPU
		{4F6B2D9D-0F75-7899-A274-4FB5CBD544C7}.Release|Any CPU.ActiveCfg = Release|Any CPU
		{4F6B2D9D-0F75-7899-A274-4FB5CBD544C7}.Release|Any CPU.Build.0 = Release|Any CPU
	EndGlobalSection
	GlobalSection(SolutionProperties) = preSolution
		HideSolutionNode = FALSE
	EndGlobalSection
	GlobalSection(ExtensibilityGlobals) = postSolution
		SolutionGuid = {F84837C2-FB46-411A-A111-DA0DF3D85273}
	EndGlobalSection
EndGlobal
